
Microsoft Visual Studio Solution File, Format Version 12.00
# Visual Studio Version 16
VisualStudioVersion = 16.0.30114.105
MinimumVisualStudioVersion = 10.0.40219.1
Project("{FAE04EC0-301F-11D3-BF4B-00C04F79EFBC}") = "CarManufacturer", "CarManufacturer\CarManufacturer.csproj", "{0DC758B1-D511-4557-A3C2-74F7DE62C555}"
EndProject
Global
	GlobalSection(SolutionConfigurationPlatforms) = preSolution
		Debug|Any CPU = Debug|Any CPU
		Release|Any CPU = Release|Any CPU
	EndGlobalSection
	GlobalSection(ProjectConfigurationPlatforms) = postSolution
		{0DC758B1-D511-4557-A3C2-74F7DE62C555}.Debug|Any CPU.ActiveCfg = Debug|Any CPU
		{0DC758B1-D511-4557-A3C2-74F7DE62C555}.Debug|Any CPU.Build.0 = Debug|Any CPU
		{0DC758B1-D511-4557-A3C2-74F7DE62C555}.Release|Any CPU.ActiveCfg = Release|Any CPU
		{0DC758B1-D511-4557-A3C2-74F7DE62C555}.Release|Any CPU.Build.0 = Release|Any CPU
	EndGlobalSection
	GlobalSection(SolutionProperties) = preSolution
		HideSolutionNode = FALSE
	EndGlobalSection
	GlobalSection(ExtensibilityGlobals) = postSolution
		SolutionGuid = {2659C11C-C72D-4A60-B7ED-2CC6DC866F03}
	EndGlobalSection
EndGlobal
