
Microsoft Visual Studio Solution File, Format Version 12.00
# Visual Studio Version 16
VisualStudioVersion = 16.0.30114.105
MinimumVisualStudioVersion = 10.0.40219.1
Project("{FAE04EC0-301F-11D3-BF4B-00C04F79EFBC}") = "Create_Custom_Data_Structures", "Create_Custom_Data_Structures\Create_Custom_Data_Structures.csproj", "{1B4A0565-D577-4992-A5C9-57B1B9261105}"
EndProject
Global
	GlobalSection(SolutionConfigurationPlatforms) = preSolution
		Debug|Any CPU = Debug|Any CPU
		Release|Any CPU = Release|Any CPU
	EndGlobalSection
	GlobalSection(ProjectConfigurationPlatforms) = postSolution
		{1B4A0565-D577-4992-A5C9-57B1B9261105}.Debug|Any CPU.ActiveCfg = Debug|Any CPU
		{1B4A0565-D577-4992-A5C9-57B1B9261105}.Debug|Any CPU.Build.0 = Debug|Any CPU
		{1B4A0565-D577-4992-A5C9-57B1B9261105}.Release|Any CPU.ActiveCfg = Release|Any CPU
		{1B4A0565-D577-4992-A5C9-57B1B9261105}.Release|Any CPU.Build.0 = Release|Any CPU
	EndGlobalSection
	GlobalSection(SolutionProperties) = preSolution
		HideSolutionNode = FALSE
	EndGlobalSection
	GlobalSection(ExtensibilityGlobals) = postSolution
		SolutionGuid = {0D5DE8E4-F442-4789-9270-3AB61707B765}
	EndGlobalSection
EndGlobal
