
Microsoft Visual Studio Solution File, Format Version 12.00
# Visual Studio Version 16
VisualStudioVersion = 16.0.30128.74
MinimumVisualStudioVersion = 10.0.40219.1
Project("{FAE04EC0-301F-11D3-BF4B-00C04F79EFBC}") = "Test", "01.-Library\Test.csproj", "{4D7D39FB-1958-41C6-9D33-5CFF831AB827}"
EndProject
Project("{FAE04EC0-301F-11D3-BF4B-00C04F79EFBC}") = "IteratorsAndComparators", "Library\IteratorsAndComparators.csproj", "{07A28426-99A6-4562-892B-FA3C22BFFEA4}"
EndProject
Global
	GlobalSection(SolutionConfigurationPlatforms) = preSolution
		Debug|Any CPU = Debug|Any CPU
		Release|Any CPU = Release|Any CPU
	EndGlobalSection
	GlobalSection(ProjectConfigurationPlatforms) = postSolution
		{4D7D39FB-1958-41C6-9D33-5CFF831AB827}.Debug|Any CPU.ActiveCfg = Debug|Any CPU
		{4D7D39FB-1958-41C6-9D33-5CFF831AB827}.Debug|Any CPU.Build.0 = Debug|Any CPU
		{4D7D39FB-1958-41C6-9D33-5CFF831AB827}.Release|Any CPU.ActiveCfg = Release|Any CPU
		{4D7D39FB-1958-41C6-9D33-5CFF831AB827}.Release|Any CPU.Build.0 = Release|Any CPU
		{07A28426-99A6-4562-892B-FA3C22BFFEA4}.Debug|Any CPU.ActiveCfg = Debug|Any CPU
		{07A28426-99A6-4562-892B-FA3C22BFFEA4}.Debug|Any CPU.Build.0 = Debug|Any CPU
		{07A28426-99A6-4562-892B-FA3C22BFFEA4}.Release|Any CPU.ActiveCfg = Release|Any CPU
		{07A28426-99A6-4562-892B-FA3C22BFFEA4}.Release|Any CPU.Build.0 = Release|Any CPU
	EndGlobalSection
	GlobalSection(SolutionProperties) = preSolution
		HideSolutionNode = FALSE
	EndGlobalSection
	GlobalSection(ExtensibilityGlobals) = postSolution
		SolutionGuid = {23010BB9-1037-4683-8F36-0CCE2B8E8342}
	EndGlobalSection
EndGlobal
