
Microsoft Visual Studio Solution File, Format Version 12.00
# Visual Studio Version 16
VisualStudioVersion = 16.0.30114.105
MinimumVisualStudioVersion = 10.0.40219.1
Project("{9A19103F-16F7-4668-BE54-9A1E7A4F7556}") = "Pokemon_Trainer", "Pokemon Trainer\Pokemon_Trainer.csproj", "{1572D3FD-6288-43EC-B86C-9C96925EB539}"
EndProject
Global
	GlobalSection(SolutionConfigurationPlatforms) = preSolution
		Debug|Any CPU = Debug|Any CPU
		Release|Any CPU = Release|Any CPU
	EndGlobalSection
	GlobalSection(ProjectConfigurationPlatforms) = postSolution
		{1572D3FD-6288-43EC-B86C-9C96925EB539}.Debug|Any CPU.ActiveCfg = Debug|Any CPU
		{1572D3FD-6288-43EC-B86C-9C96925EB539}.Debug|Any CPU.Build.0 = Debug|Any CPU
		{1572D3FD-6288-43EC-B86C-9C96925EB539}.Release|Any CPU.ActiveCfg = Release|Any CPU
		{1572D3FD-6288-43EC-B86C-9C96925EB539}.Release|Any CPU.Build.0 = Release|Any CPU
	EndGlobalSection
	GlobalSection(SolutionProperties) = preSolution
		HideSolutionNode = FALSE
	EndGlobalSection
	GlobalSection(ExtensibilityGlobals) = postSolution
		SolutionGuid = {6EC4BF86-E49F-48B3-97F1-FB1CBA3D84BD}
	EndGlobalSection
EndGlobal
