
Microsoft Visual Studio Solution File, Format Version 12.00
# Visual Studio Version 16
VisualStudioVersion = 16.0.30128.74
MinimumVisualStudioVersion = 10.0.40219.1
Project("{9A19103F-16F7-4668-BE54-9A1E7A4F7556}") = "ClubParty", "ClubParty\ClubParty.csproj", "{342E9103-95A6-4BE9-B918-7AF9B1B86345}"
EndProject
Project("{9A19103F-16F7-4668-BE54-9A1E7A4F7556}") = "ClubParty_New", "ClubParty_New\ClubParty_New.csproj", "{81AB4B14-1832-4228-B423-A1BCD7DCAD62}"
EndProject
Project("{9A19103F-16F7-4668-BE54-9A1E7A4F7556}") = "Tron_Racers", "Tron_Racers\Tron_Racers.csproj", "{2E610265-0D80-4DC4-9D60-7257B7B9FD9B}"
EndProject
Project("{9A19103F-16F7-4668-BE54-9A1E7A4F7556}") = "Heroes", "Heroes\Heroes.csproj", "{46770BA0-77CD-452F-AF4F-A2224961A88A}"
EndProject
Project("{9A19103F-16F7-4668-BE54-9A1E7A4F7556}") = "Lootbox", "Lootbox\Lootbox.csproj", "{8C07A72E-DE13-4B6A-A7F5-ADF5AD9D6B78}"
EndProject
Project("{9A19103F-16F7-4668-BE54-9A1E7A4F7556}") = "Re-Volt", "Re-Volt\Re-Volt.csproj", "{F9FFF398-D4B0-4A09-83F0-0FB7C3807C0E}"
EndProject
Project("{9A19103F-16F7-4668-BE54-9A1E7A4F7556}") = "Guild", "Guild\Guild.csproj", "{1EC69A3E-29B3-48CB-A306-7CC7F3326B33}"
EndProject
Project("{9A19103F-16F7-4668-BE54-9A1E7A4F7556}") = "DatingApp", "DatingApp\DatingApp.csproj", "{1CAC9381-257D-4613-B75E-BD9887AC17C0}"
EndProject
Project("{9A19103F-16F7-4668-BE54-9A1E7A4F7556}") = "DatingApp_old", "DatingApp_old\DatingApp_old.csproj", "{63C2D90B-C15D-4949-B9FB-FCB997B2BA0B}"
EndProject
Project("{9A19103F-16F7-4668-BE54-9A1E7A4F7556}") = "Book Worm", "Book Worm\Book Worm.csproj", "{F5FF26BC-6059-4EF6-A87A-EBAEDB8EFBF9}"
EndProject
Project("{9A19103F-16F7-4668-BE54-9A1E7A4F7556}") = "Rabbits", "Rabbits\Rabbits.csproj", "{7BAB0255-3565-4903-8215-AB90AA43927C}"
EndProject
Project("{9A19103F-16F7-4668-BE54-9A1E7A4F7556}") = "SantasPresentFactory", "SantasPresentFactory\SantasPresentFactory.csproj", "{922395E8-F715-4A09-BB7A-F11D751365EA}"
EndProject
Project("{9A19103F-16F7-4668-BE54-9A1E7A4F7556}") = "PresentDelivery", "PresentDelivery\PresentDelivery.csproj", "{3B682222-DF16-477B-8A31-AA6F04FF433C}"
EndProject
Project("{9A19103F-16F7-4668-BE54-9A1E7A4F7556}") = "Christmas", "SantasBagOfPresents\Christmas.csproj", "{25010077-C774-4361-AA0B-B81B66E366FD}"
EndProject
Project("{9A19103F-16F7-4668-BE54-9A1E7A4F7556}") = "SantasPresentFactory_exerciseSolution", "SantasPresentFactory_excersieSolution\SantasPresentFactory_exerciseSolution.csproj", "{D89F82B2-CFB2-4F01-BFC0-CC86519B288D}"
EndProject
Project("{9A19103F-16F7-4668-BE54-9A1E7A4F7556}") = "PresentDelivery_exerciseSolution", "PresentDelivery_exerciseSolution\PresentDelivery_exerciseSolution.csproj", "{122085BE-C757-4585-9A5C-A8ACC1456CC9}"
EndProject
Project("{FAE04EC0-301F-11D3-BF4B-00C04F79EFBC}") = "CSharAdvExam01Bombs", "CSharAdvExam01Bombs\CSharAdvExam01Bombs.csproj", "{55A43062-50E4-4301-9202-BBFC5F569584}"
EndProject
Project("{FAE04EC0-301F-11D3-BF4B-00C04F79EFBC}") = "CSharpAdvExam02Snake", "CSharpAdvExam02Snake\CSharpAdvExam02Snake.csproj", "{04D80879-4D8E-4EAC-9FF5-00014C9408F9}"
EndProject
Project("{FAE04EC0-301F-11D3-BF4B-00C04F79EFBC}") = "Parking", "Parking\Parking.csproj", "{A8DBA466-6235-4746-8B0F-BB0E7294BC12}"
EndProject
Global
	GlobalSection(SolutionConfigurationPlatforms) = preSolution
		Debug|Any CPU = Debug|Any CPU
		Release|Any CPU = Release|Any CPU
	EndGlobalSection
	GlobalSection(ProjectConfigurationPlatforms) = postSolution
		{342E9103-95A6-4BE9-B918-7AF9B1B86345}.Debug|Any CPU.ActiveCfg = Debug|Any CPU
		{342E9103-95A6-4BE9-B918-7AF9B1B86345}.Debug|Any CPU.Build.0 = Debug|Any CPU
		{342E9103-95A6-4BE9-B918-7AF9B1B86345}.Release|Any CPU.ActiveCfg = Release|Any CPU
		{342E9103-95A6-4BE9-B918-7AF9B1B86345}.Release|Any CPU.Build.0 = Release|Any CPU
		{81AB4B14-1832-4228-B423-A1BCD7DCAD62}.Debug|Any CPU.ActiveCfg = Debug|Any CPU
		{81AB4B14-1832-4228-B423-A1BCD7DCAD62}.Debug|Any CPU.Build.0 = Debug|Any CPU
		{81AB4B14-1832-4228-B423-A1BCD7DCAD62}.Release|Any CPU.ActiveCfg = Release|Any CPU
		{81AB4B14-1832-4228-B423-A1BCD7DCAD62}.Release|Any CPU.Build.0 = Release|Any CPU
		{2E610265-0D80-4DC4-9D60-7257B7B9FD9B}.Debug|Any CPU.ActiveCfg = Debug|Any CPU
		{2E610265-0D80-4DC4-9D60-7257B7B9FD9B}.Debug|Any CPU.Build.0 = Debug|Any CPU
		{2E610265-0D80-4DC4-9D60-7257B7B9FD9B}.Release|Any CPU.ActiveCfg = Release|Any CPU
		{2E610265-0D80-4DC4-9D60-7257B7B9FD9B}.Release|Any CPU.Build.0 = Release|Any CPU
		{46770BA0-77CD-452F-AF4F-A2224961A88A}.Debug|Any CPU.ActiveCfg = Debug|Any CPU
		{46770BA0-77CD-452F-AF4F-A2224961A88A}.Debug|Any CPU.Build.0 = Debug|Any CPU
		{46770BA0-77CD-452F-AF4F-A2224961A88A}.Release|Any CPU.ActiveCfg = Release|Any CPU
		{46770BA0-77CD-452F-AF4F-A2224961A88A}.Release|Any CPU.Build.0 = Release|Any CPU
		{8C07A72E-DE13-4B6A-A7F5-ADF5AD9D6B78}.Debug|Any CPU.ActiveCfg = Debug|Any CPU
		{8C07A72E-DE13-4B6A-A7F5-ADF5AD9D6B78}.Debug|Any CPU.Build.0 = Debug|Any CPU
		{8C07A72E-DE13-4B6A-A7F5-ADF5AD9D6B78}.Release|Any CPU.ActiveCfg = Release|Any CPU
		{8C07A72E-DE13-4B6A-A7F5-ADF5AD9D6B78}.Release|Any CPU.Build.0 = Release|Any CPU
		{F9FFF398-D4B0-4A09-83F0-0FB7C3807C0E}.Debug|Any CPU.ActiveCfg = Debug|Any CPU
		{F9FFF398-D4B0-4A09-83F0-0FB7C3807C0E}.Debug|Any CPU.Build.0 = Debug|Any CPU
		{F9FFF398-D4B0-4A09-83F0-0FB7C3807C0E}.Release|Any CPU.ActiveCfg = Release|Any CPU
		{F9FFF398-D4B0-4A09-83F0-0FB7C3807C0E}.Release|Any CPU.Build.0 = Release|Any CPU
		{1EC69A3E-29B3-48CB-A306-7CC7F3326B33}.Debug|Any CPU.ActiveCfg = Debug|Any CPU
		{1EC69A3E-29B3-48CB-A306-7CC7F3326B33}.Debug|Any CPU.Build.0 = Debug|Any CPU
		{1EC69A3E-29B3-48CB-A306-7CC7F3326B33}.Release|Any CPU.ActiveCfg = Release|Any CPU
		{1EC69A3E-29B3-48CB-A306-7CC7F3326B33}.Release|Any CPU.Build.0 = Release|Any CPU
		{1CAC9381-257D-4613-B75E-BD9887AC17C0}.Debug|Any CPU.ActiveCfg = Debug|Any CPU
		{1CAC9381-257D-4613-B75E-BD9887AC17C0}.Debug|Any CPU.Build.0 = Debug|Any CPU
		{1CAC9381-257D-4613-B75E-BD9887AC17C0}.Release|Any CPU.ActiveCfg = Release|Any CPU
		{1CAC9381-257D-4613-B75E-BD9887AC17C0}.Release|Any CPU.Build.0 = Release|Any CPU
		{63C2D90B-C15D-4949-B9FB-FCB997B2BA0B}.Debug|Any CPU.ActiveCfg = Debug|Any CPU
		{63C2D90B-C15D-4949-B9FB-FCB997B2BA0B}.Debug|Any CPU.Build.0 = Debug|Any CPU
		{63C2D90B-C15D-4949-B9FB-FCB997B2BA0B}.Release|Any CPU.ActiveCfg = Release|Any CPU
		{63C2D90B-C15D-4949-B9FB-FCB997B2BA0B}.Release|Any CPU.Build.0 = Release|Any CPU
		{F5FF26BC-6059-4EF6-A87A-EBAEDB8EFBF9}.Debug|Any CPU.ActiveCfg = Debug|Any CPU
		{F5FF26BC-6059-4EF6-A87A-EBAEDB8EFBF9}.Debug|Any CPU.Build.0 = Debug|Any CPU
		{F5FF26BC-6059-4EF6-A87A-EBAEDB8EFBF9}.Release|Any CPU.ActiveCfg = Release|Any CPU
		{F5FF26BC-6059-4EF6-A87A-EBAEDB8EFBF9}.Release|Any CPU.Build.0 = Release|Any CPU
		{7BAB0255-3565-4903-8215-AB90AA43927C}.Debug|Any CPU.ActiveCfg = Debug|Any CPU
		{7BAB0255-3565-4903-8215-AB90AA43927C}.Debug|Any CPU.Build.0 = Debug|Any CPU
		{7BAB0255-3565-4903-8215-AB90AA43927C}.Release|Any CPU.ActiveCfg = Release|Any CPU
		{7BAB0255-3565-4903-8215-AB90AA43927C}.Release|Any CPU.Build.0 = Release|Any CPU
		{922395E8-F715-4A09-BB7A-F11D751365EA}.Debug|Any CPU.ActiveCfg = Debug|Any CPU
		{922395E8-F715-4A09-BB7A-F11D751365EA}.Debug|Any CPU.Build.0 = Debug|Any CPU
		{922395E8-F715-4A09-BB7A-F11D751365EA}.Release|Any CPU.ActiveCfg = Release|Any CPU
		{922395E8-F715-4A09-BB7A-F11D751365EA}.Release|Any CPU.Build.0 = Release|Any CPU
		{3B682222-DF16-477B-8A31-AA6F04FF433C}.Debug|Any CPU.ActiveCfg = Debug|Any CPU
		{3B682222-DF16-477B-8A31-AA6F04FF433C}.Debug|Any CPU.Build.0 = Debug|Any CPU
		{3B682222-DF16-477B-8A31-AA6F04FF433C}.Release|Any CPU.ActiveCfg = Release|Any CPU
		{3B682222-DF16-477B-8A31-AA6F04FF433C}.Release|Any CPU.Build.0 = Release|Any CPU
		{25010077-C774-4361-AA0B-B81B66E366FD}.Debug|Any CPU.ActiveCfg = Debug|Any CPU
		{25010077-C774-4361-AA0B-B81B66E366FD}.Debug|Any CPU.Build.0 = Debug|Any CPU
		{25010077-C774-4361-AA0B-B81B66E366FD}.Release|Any CPU.ActiveCfg = Release|Any CPU
		{25010077-C774-4361-AA0B-B81B66E366FD}.Release|Any CPU.Build.0 = Release|Any CPU
		{D89F82B2-CFB2-4F01-BFC0-CC86519B288D}.Debug|Any CPU.ActiveCfg = Debug|Any CPU
		{D89F82B2-CFB2-4F01-BFC0-CC86519B288D}.Debug|Any CPU.Build.0 = Debug|Any CPU
		{D89F82B2-CFB2-4F01-BFC0-CC86519B288D}.Release|Any CPU.ActiveCfg = Release|Any CPU
		{D89F82B2-CFB2-4F01-BFC0-CC86519B288D}.Release|Any CPU.Build.0 = Release|Any CPU
		{122085BE-C757-4585-9A5C-A8ACC1456CC9}.Debug|Any CPU.ActiveCfg = Debug|Any CPU
		{122085BE-C757-4585-9A5C-A8ACC1456CC9}.Debug|Any CPU.Build.0 = Debug|Any CPU
		{122085BE-C757-4585-9A5C-A8ACC1456CC9}.Release|Any CPU.ActiveCfg = Release|Any CPU
		{122085BE-C757-4585-9A5C-A8ACC1456CC9}.Release|Any CPU.Build.0 = Release|Any CPU
		{55A43062-50E4-4301-9202-BBFC5F569584}.Debug|Any CPU.ActiveCfg = Debug|Any CPU
		{55A43062-50E4-4301-9202-BBFC5F569584}.Debug|Any CPU.Build.0 = Debug|Any CPU
		{55A43062-50E4-4301-9202-BBFC5F569584}.Release|Any CPU.ActiveCfg = Release|Any CPU
		{55A43062-50E4-4301-9202-BBFC5F569584}.Release|Any CPU.Build.0 = Release|Any CPU
		{04D80879-4D8E-4EAC-9FF5-00014C9408F9}.Debug|Any CPU.ActiveCfg = Debug|Any CPU
		{04D80879-4D8E-4EAC-9FF5-00014C9408F9}.Debug|Any CPU.Build.0 = Debug|Any CPU
		{04D80879-4D8E-4EAC-9FF5-00014C9408F9}.Release|Any CPU.ActiveCfg = Release|Any CPU
		{04D80879-4D8E-4EAC-9FF5-00014C9408F9}.Release|Any CPU.Build.0 = Release|Any CPU
		{A8DBA466-6235-4746-8B0F-BB0E7294BC12}.Debug|Any CPU.ActiveCfg = Debug|Any CPU
		{A8DBA466-6235-4746-8B0F-BB0E7294BC12}.Debug|Any CPU.Build.0 = Debug|Any CPU
		{A8DBA466-6235-4746-8B0F-BB0E7294BC12}.Release|Any CPU.ActiveCfg = Release|Any CPU
		{A8DBA466-6235-4746-8B0F-BB0E7294BC12}.Release|Any CPU.Build.0 = Release|Any CPU
	EndGlobalSection
	GlobalSection(SolutionProperties) = preSolution
		HideSolutionNode = FALSE
	EndGlobalSection
	GlobalSection(ExtensibilityGlobals) = postSolution
		SolutionGuid = {9BDF31F5-6507-43C0-ACB6-C0CFE5F68EB9}
	EndGlobalSection
EndGlobal
